PODS:
  - Alamofire (4.7.3)
  - SpinKit (1.2.0)
  - SwiftyJSON (4.0.0)

DEPENDENCIES:
  - Alamofire
  - SpinKit (~> 1.1)
  - SwiftyJSON (= 4.0.0)

SPEC REPOS:
  https://github.com/cocoapods/specs.git:
    - Alamofire
    - SpinKit
    - SwiftyJSON

SPEC CHECKSUMS:
  Alamofire: c7287b6e5d7da964a70935e5db17046b7fde6568
  SpinKit: 65906a8b534a4e14cbfd3f8b0b6c329131faef4a
  SwiftyJSON: 070dabdcb1beb81b247c65ffa3a79dbbfb3b48aa

PODFILE CHECKSUM: 4b3d8f7e6354bc92db8f70ced77e8b870782e8bc

COCOAPODS: 1.5.3
