// !$*UTF8*$!
{
	archiveVersion = 1;
	classes = {
	};
	objectVersion = 48;
	objects = {

/* Begin PBXBuildFile section */
		6630C656217A772800DA53FE /* AppDelegate.swift in Sources */ = {isa = PBXBuildFile; fileRef = 6630C655217A772800DA53FE /* AppDelegate.swift */; };
		6630C658217A772800DA53FE /* ViewController.swift in Sources */ = {isa = PBXBuildFile; fileRef = 6630C657217A772800DA53FE /* ViewController.swift */; };
		6630C65B217A772800DA53FE /* Main.storyboard in Resources */ = {isa = PBXBuildFile; fileRef = 6630C659217A772800DA53FE /* Main.storyboard */; };
		6630C65D217A772800DA53FE /* Assets.xcassets in Resources */ = {isa = PBXBuildFile; fileRef = 6630C65C217A772800DA53FE /* Assets.xcassets */; };
		6630C660217A772800DA53FE /* LaunchScreen.storyboard in Resources */ = {isa = PBXBuildFile; fileRef = 6630C65E217A772800DA53FE /* LaunchScreen.storyboard */; };
		6630C66B217A772900DA53FE /* sExpenseTests.swift in Sources */ = {isa = PBXBuildFile; fileRef = 6630C66A217A772900DA53FE /* sExpenseTests.swift */; };
/* End PBXBuildFile section */

/* Begin PBXContainerItemProxy section */
		6630C667217A772900DA53FE /* PBXContainerItemProxy */ = {
			isa = PBXContainerItemProxy;
			containerPortal = 6630C64A217A772800DA53FE /* Project object */;
			proxyType = 1;
			remoteGlobalIDString = 6630C651217A772800DA53FE;
			remoteInfo = sExpense;
		};
/* End PBXContainerItemProxy section */

/* Begin PBXFileReference section */
		6630C652217A772800DA53FE /* sExpense.app */ = {isa = PBXFileReference; explicitFileType = wrapper.application; includeInIndex = 0; path = sExpense.app; sourceTree = BUILT_PRODUCTS_DIR; };
		6630C655217A772800DA53FE /* AppDelegate.swift */ = {isa = PBXFileReference; lastKnownFileType = sourcecode.swift; path = AppDelegate.swift; sourceTree = "<group>"; };
		6630C657217A772800DA53FE /* ViewController.swift */ = {isa = PBXFileReference; lastKnownFileType = sourcecode.swift; path = ViewController.swift; sourceTree = "<group>"; };
		6630C65A217A772800DA53FE /* Base */ = {isa = PBXFileReference; lastKnownFileType = file.storyboard; name = Base; path = Base.lproj/Main.storyboard; sourceTree = "<group>"; };
		6630C65C217A772800DA53FE /* Assets.xcassets */ = {isa = PBXFileReference; lastKnownFileType = folder.assetcatalog; path = Assets.xcassets; sourceTree = "<group>"; };
		6630C65F217A772800DA53FE /* Base */ = {isa = PBXFileReference; lastKnownFileType = file.storyboard; name = Base; path = Base.lproj/LaunchScreen.storyboard; sourceTree = "<group>"; };
		6630C661217A772900DA53FE /* Info.plist */ = {isa = PBXFileReference; lastKnownFileType = text.plist.xml; path = Info.plist; sourceTree = "<group>"; };
		6630C666217A772900DA53FE /* sExpenseTests.xctest */ = {isa = PBXFileReference; explicitFileType = wrapper.cfbundle; includeInIndex = 0; path = sExpenseTests.xctest; sourceTree = BUILT_PRODUCTS_DIR; };
		6630C66A217A772900DA53FE /* sExpenseTests.swift */ = {isa = PBXFileReference; lastKnownFileType = sourcecode.swift; path = sExpenseTests.swift; sourceTree = "<group>"; };
		6630C66C217A772900DA53FE /* Info.plist */ = {isa = PBXFileReference; lastKnownFileType = text.plist.xml; path = Info.plist; sourceTree = "<group>"; };
/* End PBXFileReference section */

/* Begin PBXFrameworksBuildPhase section */
		6630C64F217A772800DA53FE /* Frameworks */ = {
			isa = PBXFrameworksBuildPhase;
			buildActionMask = 2147483647;
			files = (
			);
			runOnlyForDeploymentPostprocessing = 0;
		};
		6630C663217A772900DA53FE /* Frameworks */ = {
			isa = PBXFrameworksBuildPhase;
			buildActionMask = 2147483647;
			files = (
			);
			runOnlyForDeploymentPostprocessing = 0;
		};
/* End PBXFrameworksBuildPhase section */

/* Begin PBXGroup section */
		6630C649217A772800DA53FE = {
			isa = PBXGroup;
			children = (
				6630C654217A772800DA53FE /* sExpense */,
				6630C669217A772900DA53FE /* sExpenseTests */,
				6630C653217A772800DA53FE /* Products */,
			);
			sourceTree = "<group>";
		};
		6630C653217A772800DA53FE /* Products */ = {
			isa = PBXGroup;
			children = (
				6630C652217A772800DA53FE /* sExpense.app */,
				6630C666217A772900DA53FE /* sExpenseTests.xctest */,
			);
			name = Products;
			sourceTree = "<group>";
		};
		6630C654217A772800DA53FE /* sExpense */ = {
			isa = PBXGroup;
			children = (
				6630C655217A772800DA53FE /* AppDelegate.swift */,
				6630C657217A772800DA53FE /* ViewController.swift */,
				6630C659217A772800DA53FE /* Main.storyboard */,
				6630C65C217A772800DA53FE /* Assets.xcassets */,
				6630C65E217A772800DA53FE /* LaunchScreen.storyboard */,
				6630C661217A772900DA53FE /* Info.plist */,
			);
			path = sExpense;
			sourceTree = "<group>";
		};
		6630C669217A772900DA53FE /* sExpenseTests */ = {
			isa = PBXGroup;
			children = (
				6630C66A217A772900DA53FE /* sExpenseTests.swift */,
				6630C66C217A772900DA53FE /* Info.plist */,
			);
			path = sExpenseTests;
			sourceTree = "<group>";
		};
/* End PBXGroup section */

/* Begin PBXNativeTarget section */
		6630C651217A772800DA53FE /* sExpense */ = {
			isa = PBXNativeTarget;
			buildConfigurationList = 6630C66F217A772900DA53FE /* Build configuration list for PBXNativeTarget "sExpense" */;
			buildPhases = (
				6630C64E217A772800DA53FE /* Sources */,
				6630C64F217A772800DA53FE /* Frameworks */,
				6630C650217A772800DA53FE /* Resources */,
			);
			buildRules = (
			);
			dependencies = (
			);
			name = sExpense;
			productName = sExpense;
			productReference = 6630C652217A772800DA53FE /* sExpense.app */;
			productType = "com.apple.product-type.application";
		};
		6630C665217A772900DA53FE /* sExpenseTests */ = {
			isa = PBXNativeTarget;
			buildConfigurationList = 6630C672217A772900DA53FE /* Build configuration list for PBXNativeTarget "sExpenseTests" */;
			buildPhases = (
				6630C662217A772900DA53FE /* Sources */,
				6630C663217A772900DA53FE /* Frameworks */,
				6630C664217A772900DA53FE /* Resources */,
			);
			buildRules = (
			);
			dependencies = (
				6630C668217A772900DA53FE /* PBXTargetDependency */,
			);
			name = sExpenseTests;
			productName = sExpenseTests;
			productReference = 6630C666217A772900DA53FE /* sExpenseTests.xctest */;
			productType = "com.apple.product-type.bundle.unit-test";
		};
/* End PBXNativeTarget section */

/* Begin PBXProject section */
		6630C64A217A772800DA53FE /* Project object */ = {
			isa = PBXProject;
			attributes = {
				LastSwiftUpdateCheck = 0920;
				LastUpgradeCheck = 0920;
				ORGANIZATIONNAME = Nacho;
				TargetAttributes = {
					6630C651217A772800DA53FE = {
						CreatedOnToolsVersion = 9.2;
						ProvisioningStyle = Automatic;
					};
					6630C665217A772900DA53FE = {
						CreatedOnToolsVersion = 9.2;
						ProvisioningStyle = Automatic;
						TestTargetID = 6630C651217A772800DA53FE;
					};
				};
			};
			buildConfigurationList = 6630C64D217A772800DA53FE /* Build configuration list for PBXProject "sExpense" */;
			compatibilityVersion = "Xcode 8.0";
			developmentRegion = en;
			hasScannedForEncodings = 0;
			knownRegions = (
				en,
				Base,
			);
			mainGroup = 6630C649217A772800DA53FE;
			productRefGroup = 6630C653217A772800DA53FE /* Products */;
			projectDirPath = "";
			projectRoot = "";
			targets = (
				6630C651217A772800DA53FE /* sExpense */,
				6630C665217A772900DA53FE /* sExpenseTests */,
			);
		};
/* End PBXProject section */

/* Begin PBXResourcesBuildPhase section */
		6630C650217A772800DA53FE /* Resources */ = {
			isa = PBXResourcesBuildPhase;
			buildActionMask = 2147483647;
			files = (
				6630C660217A772800DA53FE /* LaunchScreen.storyboard in Resources */,
				6630C65D217A772800DA53FE /* Assets.xcassets in Resources */,
				6630C65B217A772800DA53FE /* Main.storyboard in Resources */,
			);
			runOnlyForDeploymentPostprocessing = 0;
		};
		6630C664217A772900DA53FE /* Resources */ = {
			isa = PBXResourcesBuildPhase;
			buildActionMask = 2147483647;
			files = (
			);
			runOnlyForDeploymentPostprocessing = 0;
		};
/* End PBXResourcesBuildPhase section */

/* Begin PBXSourcesBuildPhase section */
		6630C64E217A772800DA53FE /* Sources */ = {
			isa = PBXSourcesBuildPhase;
			buildActionMask = 2147483647;
			files = (
				6630C658217A772800DA53FE /* ViewController.swift in Sources */,
				6630C656217A772800DA53FE /* AppDelegate.swift in Sources */,
			);
			runOnlyForDeploymentPostprocessing = 0;
		};
		6630C662217A772900DA53FE /* Sources */ = {
			isa = PBXSourcesBuildPhase;
			buildActionMask = 2147483647;
			files = (
				6630C66B217A772900DA53FE /* sExpenseTests.swift in Sources */,
			);
			runOnlyForDeploymentPostprocessing = 0;
		};
/* End PBXSourcesBuildPhase section */

/* Begin PBXTargetDependency section */
		6630C668217A772900DA53FE /* PBXTargetDependency */ = {
			isa = PBXTargetDependency;
			target = 6630C651217A772800DA53FE /* sExpense */;
			targetProxy = 6630C667217A772900DA53FE /* PBXContainerItemProxy */;
		};
/* End PBXTargetDependency section */

/* Begin PBXVariantGroup section */
		6630C659217A772800DA53FE /* Main.storyboard */ = {
			isa = PBXVariantGroup;
			children = (
				6630C65A217A772800DA53FE /* Base */,
			);
			name = Main.storyboard;
			sourceTree = "<group>";
		};
		6630C65E217A772800DA53FE /* LaunchScreen.storyboard */ = {
			isa = PBXVariantGroup;
			children = (
				6630C65F217A772800DA53FE /* Base */,
			);
			name = LaunchScreen.storyboard;
			sourceTree = "<group>";
		};
/* End PBXVariantGroup section */

/* Begin XCBuildConfiguration section */
		6630C66D217A772900DA53FE /* Debug */ = {
			isa = XCBuildConfiguration;
			buildSettings = {
				ALWAYS_SEARCH_USER_PATHS = NO;
				CLANG_ANALYZER_NONNULL = YES;
				CLANG_ANALYZER_NUMBER_OBJECT_CONVERSION = YES_AGGRESSIVE;
				CLANG_CXX_LANGUAGE_STANDARD = "gnu++14";
				CLANG_CXX_LIBRARY = "libc++";
				CLANG_ENABLE_MODULES = YES;
				CLANG_ENABLE_OBJC_ARC = YES;
				CLANG_WARN_BLOCK_CAPTURE_AUTORELEASING = YES;
				CLANG_WARN_BOOL_CONVERSION = YES;
				CLANG_WARN_COMMA = YES;
				CLANG_WARN_CONSTANT_CONVERSION = YES;
				CLANG_WARN_DIRECT_OBJC_ISA_USAGE = YES_ERROR;
				CLANG_WARN_DOCUMENTATION_COMMENTS = YES;
				CLANG_WARN_EMPTY_BODY = YES;
				CLANG_WARN_ENUM_CONVERSION = YES;
				CLANG_WARN_INFINITE_RECURSION = YES;
				CLANG_WARN_INT_CONVERSION = YES;
				CLANG_WARN_NON_LITERAL_NULL_CONVERSION = YES;
				CLANG_WARN_OBJC_LITERAL_CONVERSION = YES;
				CLANG_WARN_OBJC_ROOT_CLASS = YES_ERROR;
				CLANG_WARN_RANGE_LOOP_ANALYSIS = YES;
				CLANG_WARN_STRICT_PROTOTYPES = YES;
				CLANG_WARN_SUSPICIOUS_MOVE = YES;
				CLANG_WARN_UNGUARDED_AVAILABILITY = YES_AGGRESSIVE;
				CLANG_WARN_UNREACHABLE_CODE = YES;
				CLANG_WARN__DUPLICATE_METHOD_MATCH = YES;
				CODE_SIGN_IDENTITY = "iPhone Developer";
				COPY_PHASE_STRIP = NO;
				DEBUG_INFORMATION_FORMAT = dwarf;
				ENABLE_STRICT_OBJC_MSGSEND = YES;
				ENABLE_TESTABILITY = YES;
				GCC_C_LANGUAGE_STANDARD = gnu11;
				GCC_DYNAMIC_NO_PIC = NO;
				GCC_NO_COMMON_BLOCKS = YES;
				GCC_OPTIMIZATION_LEVEL = 0;
				GCC_PREPROCESSOR_DEFINITIONS = (
					"DEBUG=1",
					"$(inherited)",
				);
				GCC_WARN_64_TO_32_BIT_CONVERSION = YES;
				GCC_WARN_ABOUT_RETURN_TYPE = YES_ERROR;
				GCC_WARN_UNDECLARED_SELECTOR = YES;
				GCC_WARN_UNINITIALIZED_AUTOS = YES_AGGRESSIVE;
				GCC_WARN_UNUSED_FUNCTION = YES;
				GCC_WARN_UNUSED_VARIABLE = YES;
				IPHONEOS_DEPLOYMENT_TARGET = 11.2;
				MTL_ENABLE_DEBUG_INFO = YES;
				ONLY_ACTIVE_ARCH = YES;
				SDKROOT = iphoneos;
				SWIFT_ACTIVE_COMPILATION_CONDITIONS = DEBUG;
				SWIFT_OPTIMIZATION_LEVEL = "-Onone";
			};
			name = Debug;
		};
		6630C66E217A772900DA53FE /* Release */ = {
			isa = XCBuildConfiguration;
			buildSettings = {
				ALWAYS_SEARCH_USER_PATHS = NO;
				CLANG_ANALYZER_NONNULL = YES;
				CLANG_ANALYZER_NUMBER_OBJECT_CONVERSION = YES_AGGRESSIVE;
				CLANG_CXX_LANGUAGE_STANDARD = "gnu++14";
				CLANG_CXX_LIBRARY = "libc++";
				CLANG_ENABLE_MODULES = YES;
				CLANG_ENABLE_OBJC_ARC = YES;
				CLANG_WARN_BLOCK_CAPTURE_AUTORELEASING = YES;
				CLANG_WARN_BOOL_CONVERSION = YES;
				CLANG_WARN_COMMA = YES;
				CLANG_WARN_CONSTANT_CONVERSION = YES;
				CLANG_WARN_DIRECT_OBJC_ISA_USAGE = YES_ERROR;
				CLANG_WARN_DOCUMENTATION_COMMENTS = YES;
				CLANG_WARN_EMPTY_BODY = YES;
				CLANG_WARN_ENUM_CONVERSION = YES;
				CLANG_WARN_INFINITE_RECURSION = YES;
				CLANG_WARN_INT_CONVERSION = YES;
				CLANG_WARN_NON_LITERAL_NULL_CONVERSION = YES;
				CLANG_WARN_OBJC_LITERAL_CONVERSION = YES;
				CLANG_WARN_OBJC_ROOT_CLASS = YES_ERROR;
				CLANG_WARN_RANGE_LOOP_ANALYSIS = YES;
				CLANG_WARN_STRICT_PROTOTYPES = YES;
				CLANG_WARN_SUSPICIOUS_MOVE = YES;
				CLANG_WARN_UNGUARDED_AVAILABILITY = YES_AGGRESSIVE;
				CLANG_WARN_UNREACHABLE_CODE = YES;
				CLANG_WARN__DUPLICATE_METHOD_MATCH = YES;
				CODE_SIGN_IDENTITY = "iPhone Developer";
				COPY_PHASE_STRIP = NO;
				DEBUG_INFORMATION_FORMAT = "dwarf-with-dsym";
				ENABLE_NS_ASSERTIONS = NO;
				ENABLE_STRICT_OBJC_MSGSEND = YES;
				GCC_C_LANGUAGE_STANDARD = gnu11;
				GCC_NO_COMMON_BLOCKS = YES;
				GCC_WARN_64_TO_32_BIT_CONVERSION = YES;
				GCC_WARN_ABOUT_RETURN_TYPE = YES_ERROR;
				GCC_WARN_UNDECLARED_SELECTOR = YES;
				GCC_WARN_UNINITIALIZED_AUTOS = YES_AGGRESSIVE;
				GCC_WARN_UNUSED_FUNCTION = YES;
				GCC_WARN_UNUSED_VARIABLE = YES;
				IPHONEOS_DEPLOYMENT_TARGET = 11.2;
				MTL_ENABLE_DEBUG_INFO = NO;
				SDKROOT = iphoneos;
				SWIFT_OPTIMIZATION_LEVEL = "-Owholemodule";
				VALIDATE_PRODUCT = YES;
			};
			name = Release;
		};
		6630C670217A772900DA53FE /* Debug */ = {
			isa = XCBuildConfiguration;
			buildSettings = {
				ASSETCATALOG_COMPILER_APPICON_NAME = AppIcon;
				CODE_SIGN_STYLE = Automatic;
				DEVELOPMENT_TEAM = JJS5J85Q8M;
				INFOPLIST_FILE = sExpense/Info.plist;
				LD_RUNPATH_SEARCH_PATHS = "$(inherited) @executable_path/Frameworks";
				PRODUCT_BUNDLE_IDENTIFIER = com.landhsoft.sexpense.sExpense;
				PRODUCT_NAME = "$(TARGET_NAME)";
				SWIFT_VERSION = 4.0;
				TARGETED_DEVICE_FAMILY = "1,2";
			};
			name = Debug;
		};
		6630C671217A772900DA53FE /* Release */ = {
			isa = XCBuildConfiguration;
			buildSettings = {
				ASSETCATALOG_COMPILER_APPICON_NAME = AppIcon;
				CODE_SIGN_STYLE = Automatic;
				DEVELOPMENT_TEAM = JJS5J85Q8M;
				INFOPLIST_FILE = sExpense/Info.plist;
				LD_RUNPATH_SEARCH_PATHS = "$(inherited) @executable_path/Frameworks";
				PRODUCT_BUNDLE_IDENTIFIER = com.landhsoft.sexpense.sExpense;
				PRODUCT_NAME = "$(TARGET_NAME)";
				SWIFT_VERSION = 4.0;
				TARGETED_DEVICE_FAMILY = "1,2";
			};
			name = Release;
		};
		6630C673217A772900DA53FE /* Debug */ = {
			isa = XCBuildConfiguration;
			buildSettings = {
				ALWAYS_EMBED_SWIFT_STANDARD_LIBRARIES = YES;
				BUNDLE_LOADER = "$(TEST_HOST)";
				CODE_SIGN_STYLE = Automatic;
				DEVELOPMENT_TEAM = JJS5J85Q8M;
				INFOPLIST_FILE = sExpenseTests/Info.plist;
				LD_RUNPATH_SEARCH_PATHS = "$(inherited) @executable_path/Frameworks @loader_path/Frameworks";
				PRODUCT_BUNDLE_IDENTIFIER = com.landhsoft.sexpense.sExpenseTests;
				PRODUCT_NAME = "$(TARGET_NAME)";
				SWIFT_VERSION = 4.0;
				TARGETED_DEVICE_FAMILY = "1,2";
				TEST_HOST = "$(BUILT_PRODUCTS_DIR)/sExpense.app/sExpense";
			};
			name = Debug;
		};
		6630C674217A772900DA53FE /* Release */ = {
			isa = XCBuildConfiguration;
			buildSettings = {
				ALWAYS_EMBED_SWIFT_STANDARD_LIBRARIES = YES;
				BUNDLE_LOADER = "$(TEST_HOST)";
				CODE_SIGN_STYLE = Automatic;
				DEVELOPMENT_TEAM = JJS5J85Q8M;
				INFOPLIST_FILE = sExpenseTests/Info.plist;
				LD_RUNPATH_SEARCH_PATHS = "$(inherited) @executable_path/Frameworks @loader_path/Frameworks";
				PRODUCT_BUNDLE_IDENTIFIER = com.landhsoft.sexpense.sExpenseTests;
				PRODUCT_NAME = "$(TARGET_NAME)";
				SWIFT_VERSION = 4.0;
				TARGETED_DEVICE_FAMILY = "1,2";
				TEST_HOST = "$(BUILT_PRODUCTS_DIR)/sExpense.app/sExpense";
			};
			name = Release;
		};
/* End XCBuildConfiguration section */

/* Begin XCConfigurationList section */
		6630C64D217A772800DA53FE /* Build configuration list for PBXProject "sExpense" */ = {
			isa = XCConfigurationList;
			buildConfigurations = (
				6630C66D217A772900DA53FE /* Debug */,
				6630C66E217A772900DA53FE /* Release */,
			);
			defaultConfigurationIsVisible = 0;
			defaultConfigurationName = Release;
		};
		6630C66F217A772900DA53FE /* Build configuration list for PBXNativeTarget "sExpense" */ = {
			isa = XCConfigurationList;
			buildConfigurations = (
				6630C670217A772900DA53FE /* Debug */,
				6630C671217A772900DA53FE /* Release */,
			);
			defaultConfigurationIsVisible = 0;
			defaultConfigurationName = Release;
		};
		6630C672217A772900DA53FE /* Build configuration list for PBXNativeTarget "sExpenseTests" */ = {
			isa = XCConfigurationList;
			buildConfigurations = (
				6630C673217A772900DA53FE /* Debug */,
				6630C674217A772900DA53FE /* Release */,
			);
			defaultConfigurationIsVisible = 0;
			defaultConfigurationName = Release;
		};
/* End XCConfigurationList section */
	};
	rootObject = 6630C64A217A772800DA53FE /* Project object */;
}
